
Microsoft Visual Studio Solution File, Format Version 12.00
# Visual Studio 15
VisualStudioVersion = 15.0.27703.2042
MinimumVisualStudioVersion = 10.0.40219.1
Project("{F184B08F-C81C-45F6-A57F-5ABD9991F28F}") = "BackOffice", "BackOffice\BackOffice.vbproj", "{B6EBC901-3C0D-4FB4-95DD-4B9B174F2C59}"
EndProject
Project("{F184B08F-C81C-45F6-A57F-5ABD9991F28F}") = "BackOffice aplicación", "BackOffice aplicación\BackOffice aplicación.vbproj", "{74506198-819C-4CC8-AC0D-9BD8EC0F5957}"
EndProject
Project("{F184B08F-C81C-45F6-A57F-5ABD9991F28F}") = "BackOffice configuración", "BackOffice configuración\BackOffice configuración.vbproj", "{680CD5BB-DAB1-4245-A0AD-EF9DEA6200C2}"
EndProject
Project("{F184B08F-C81C-45F6-A57F-5ABD9991F28F}") = "BackOffice datos", "BackOffice datos\BackOffice datos.vbproj", "{D26A128D-10FC-4121-93B9-E1082298E490}"
EndProject
Project("{F184B08F-C81C-45F6-A57F-5ABD9991F28F}") = "BackOffice menú", "BackOffice menú\BackOffice menú.vbproj", "{2E5CB621-3186-42DF-BAE4-BCAFF2ED5527}"
EndProject
Project("{F184B08F-C81C-45F6-A57F-5ABD9991F28F}") = "BackOffice costos e importaciones", "BackOffice costos e importaciones\BackOffice costos e importaciones.vbproj", "{F15A96A7-83B9-41F2-AC0E-1FDC6618CE0B}"
EndProject
Project("{F184B08F-C81C-45F6-A57F-5ABD9991F28F}") = "BackOffice servicios", "BackOffice servicios\BackOffice servicios.vbproj", "{4F62B523-F171-4786-9294-E27CAB2C8B48}"
EndProject
Project("{F184B08F-C81C-45F6-A57F-5ABD9991F28F}") = "BackOffice información de archivos", "BackOffice información de archivos\BackOffice información de archivos.vbproj", "{91A7B80B-9BF5-4C75-9527-E2E76DF6A8A7}"
EndProject
Global
	GlobalSection(SolutionConfigurationPlatforms) = preSolution
		Debug|Any CPU = Debug|Any CPU
		Release|Any CPU = Release|Any CPU
	EndGlobalSection
	GlobalSection(ProjectConfigurationPlatforms) = postSolution
		{B6EBC901-3C0D-4FB4-95DD-4B9B174F2C59}.Debug|Any CPU.ActiveCfg = Debug|Any CPU
		{B6EBC901-3C0D-4FB4-95DD-4B9B174F2C59}.Debug|Any CPU.Build.0 = Debug|Any CPU
		{B6EBC901-3C0D-4FB4-95DD-4B9B174F2C59}.Release|Any CPU.ActiveCfg = Release|Any CPU
		{B6EBC901-3C0D-4FB4-95DD-4B9B174F2C59}.Release|Any CPU.Build.0 = Release|Any CPU
		{74506198-819C-4CC8-AC0D-9BD8EC0F5957}.Debug|Any CPU.ActiveCfg = Debug|Any CPU
		{74506198-819C-4CC8-AC0D-9BD8EC0F5957}.Debug|Any CPU.Build.0 = Debug|Any CPU
		{74506198-819C-4CC8-AC0D-9BD8EC0F5957}.Release|Any CPU.ActiveCfg = Release|Any CPU
		{74506198-819C-4CC8-AC0D-9BD8EC0F5957}.Release|Any CPU.Build.0 = Release|Any CPU
		{680CD5BB-DAB1-4245-A0AD-EF9DEA6200C2}.Debug|Any CPU.ActiveCfg = Debug|Any CPU
		{680CD5BB-DAB1-4245-A0AD-EF9DEA6200C2}.Debug|Any CPU.Build.0 = Debug|Any CPU
		{680CD5BB-DAB1-4245-A0AD-EF9DEA6200C2}.Release|Any CPU.ActiveCfg = Release|Any CPU
		{680CD5BB-DAB1-4245-A0AD-EF9DEA6200C2}.Release|Any CPU.Build.0 = Release|Any CPU
		{D26A128D-10FC-4121-93B9-E1082298E490}.Debug|Any CPU.ActiveCfg = Debug|Any CPU
		{D26A128D-10FC-4121-93B9-E1082298E490}.Debug|Any CPU.Build.0 = Debug|Any CPU
		{D26A128D-10FC-4121-93B9-E1082298E490}.Release|Any CPU.ActiveCfg = Release|Any CPU
		{D26A128D-10FC-4121-93B9-E1082298E490}.Release|Any CPU.Build.0 = Release|Any CPU
		{2E5CB621-3186-42DF-BAE4-BCAFF2ED5527}.Debug|Any CPU.ActiveCfg = Debug|Any CPU
		{2E5CB621-3186-42DF-BAE4-BCAFF2ED5527}.Debug|Any CPU.Build.0 = Debug|Any CPU
		{2E5CB621-3186-42DF-BAE4-BCAFF2ED5527}.Release|Any CPU.ActiveCfg = Release|Any CPU
		{2E5CB621-3186-42DF-BAE4-BCAFF2ED5527}.Release|Any CPU.Build.0 = Release|Any CPU
		{F15A96A7-83B9-41F2-AC0E-1FDC6618CE0B}.Debug|Any CPU.ActiveCfg = Debug|Any CPU
		{F15A96A7-83B9-41F2-AC0E-1FDC6618CE0B}.Debug|Any CPU.Build.0 = Debug|Any CPU
		{F15A96A7-83B9-41F2-AC0E-1FDC6618CE0B}.Release|Any CPU.ActiveCfg = Release|Any CPU
		{F15A96A7-83B9-41F2-AC0E-1FDC6618CE0B}.Release|Any CPU.Build.0 = Release|Any CPU
		{4F62B523-F171-4786-9294-E27CAB2C8B48}.Debug|Any CPU.ActiveCfg = Debug|Any CPU
		{4F62B523-F171-4786-9294-E27CAB2C8B48}.Debug|Any CPU.Build.0 = Debug|Any CPU
		{4F62B523-F171-4786-9294-E27CAB2C8B48}.Release|Any CPU.ActiveCfg = Release|Any CPU
		{4F62B523-F171-4786-9294-E27CAB2C8B48}.Release|Any CPU.Build.0 = Release|Any CPU
		{91A7B80B-9BF5-4C75-9527-E2E76DF6A8A7}.Debug|Any CPU.ActiveCfg = Debug|Any CPU
		{91A7B80B-9BF5-4C75-9527-E2E76DF6A8A7}.Debug|Any CPU.Build.0 = Debug|Any CPU
		{91A7B80B-9BF5-4C75-9527-E2E76DF6A8A7}.Release|Any CPU.ActiveCfg = Release|Any CPU
		{91A7B80B-9BF5-4C75-9527-E2E76DF6A8A7}.Release|Any CPU.Build.0 = Release|Any CPU
	EndGlobalSection
	GlobalSection(SolutionProperties) = preSolution
		HideSolutionNode = FALSE
	EndGlobalSection
	GlobalSection(ExtensibilityGlobals) = postSolution
		SolutionGuid = {2D90CC04-DC65-4D59-9EAE-6BB1B26F0952}
	EndGlobalSection
EndGlobal
